
Microsoft Visual Studio Solution File, Format Version 12.00
# Visual Studio Version 16
VisualStudioVersion = 16.0.28803.202
MinimumVisualStudioVersion = 10.0.40219.1
Project("{FAE04EC0-301F-11D3-BF4B-00C04F79EFBC}") = "homework19", "homework19\homework19.csproj", "{71C5C696-6F1C-4A99-8062-639FF9CD0609}"
EndProject
Global
	GlobalSection(SolutionConfigurationPlatforms) = preSolution
		Debug|Any CPU = Debug|Any CPU
		Release|Any CPU = Release|Any CPU
	EndGlobalSection
	GlobalSection(ProjectConfigurationPlatforms) = postSolution
		{71C5C696-6F1C-4A99-8062-639FF9CD0609}.Debug|Any CPU.ActiveCfg = Debug|Any CPU
		{71C5C696-6F1C-4A99-8062-639FF9CD0609}.Debug|Any CPU.Build.0 = Debug|Any CPU
		{71C5C696-6F1C-4A99-8062-639FF9CD0609}.Release|Any CPU.ActiveCfg = Release|Any CPU
		{71C5C696-6F1C-4A99-8062-639FF9CD0609}.Release|Any CPU.Build.0 = Release|Any CPU
	EndGlobalSection
	GlobalSection(SolutionProperties) = preSolution
		HideSolutionNode = FALSE
	EndGlobalSection
	GlobalSection(ExtensibilityGlobals) = postSolution
		SolutionGuid = {BCA773FF-1575-4ABF-BF7A-3446DCC837E7}
	EndGlobalSection
EndGlobal
